{
  "version": "5",
  "specifiers": {
    "jsr:@std/cli@*": "1.0.24"
  },
  "jsr": {
    "@std/cli@1.0.24": {
      "integrity": "b655a5beb26aa94f98add6bc8889f5fb9bc3ee2cc3fc954e151201f4c4200a5e"
    }
  },
  "redirects": {
    "https://deno.land/std/uuid/v1.ts": "https://deno.land/std@0.224.0/uuid/v1.ts",
    "https://deno.land/x/pipelight/mod.ts": "https://deno.land/x/pipelight@v0.3.2/mod.ts"
  },
  "remote": {
    "https://deno.land/std@0.224.0/uuid/_common.ts": "05c787c5735776c4e48e30294878332c39cb7738f50b209df4eb9f2b0facce4d",
    "https://deno.land/std@0.224.0/uuid/v1.ts": "cc45e7eb1d463d7d38b21a3c6e4de55ff98598ca442309321575fe841b323a54",
    "https://deno.land/x/pipelight@v0.3.2/mod.ts": "0cdc95a2986698c04f23ba3a773906de3f07dfa0a7bf53a32050256858918d93",
    "https://deno.land/x/pipelight@v0.3.2/src/helpers/common/composition.ts": "1b5caf7db8a6b7af4595df0d69c9137e1d8442b7fd3110aee6c69bba7a1fe29f",
    "https://deno.land/x/pipelight@v0.3.2/src/helpers/common/mod.ts": "f269e8064da453541bc0eb2783f5a9cbd7092daf69b2b23b6305a050d093a81e",
    "https://deno.land/x/pipelight@v0.3.2/src/helpers/common/types/cast.ts": "862e7a7e08bedd85cabc40b138956fd2076c0663a137f62c4f436f92c3e3e17f",
    "https://deno.land/x/pipelight@v0.3.2/src/helpers/common/types/class.ts": "8704c60362faf1e8a941a46c0b8347c4fc22b05e5d9cdba78e4e2039bd1e8e78",
    "https://deno.land/x/pipelight@v0.3.2/src/helpers/common/types/logs.ts": "b2d04e0d66d3ed8757108e966293e8aec7e48cdc887f3ac5672bccc6c491c37a",
    "https://deno.land/x/pipelight@v0.3.2/src/helpers/common/types/mod.ts": "30c16e3606d230d75344f2d7de618158f465c58dd5285fc7d6b8a9148f4de5ad",
    "https://deno.land/x/pipelight@v0.3.2/src/helpers/docker/containers/mod.ts": "dafa673b4a175d708a7e39caab40790fad1bfdd68467c5863a89a1c9889cc1c2",
    "https://deno.land/x/pipelight@v0.3.2/src/helpers/docker/docker/mod.ts": "b9ee14b91e167075ec982ec8a3d485922ad4e62a642143e28bbd6b21d1de950b",
    "https://deno.land/x/pipelight@v0.3.2/src/helpers/docker/globals.ts": "7ac19baed725f5ff5d740e55740f6ba4b3cf2d909b107e0465af4266fcc1d52b",
    "https://deno.land/x/pipelight@v0.3.2/src/helpers/docker/images/mod.ts": "05711d2b2d26e2d3f6de969c89de9e288bf4bd627526483167c9fa09bd60e32e",
    "https://deno.land/x/pipelight@v0.3.2/src/helpers/docker/mod.ts": "49ea206a36f59dbd98f5b3e6fec0e185b01ff20c0a0432b00923cff99bef392c",
    "https://deno.land/x/pipelight@v0.3.2/src/helpers/docker/networks/mod.ts": "7eb6bd2d1dcd77c525e96f2f21816fe0173ecf0a1a8d55acbc647f0d84ba06bf",
    "https://deno.land/x/pipelight@v0.3.2/src/helpers/docker/volumes/mod.ts": "00563a86407c5d77daef13b25a66a284efa0e5281102943b691fa2f36179af31",
    "https://deno.land/x/pipelight@v0.3.2/src/helpers/mod.ts": "5f33f08671d0e4928d32f438fd73dd918a6e2fd13e574b6baffb4ac87586c522",
    "https://deno.land/x/pipelight@v0.3.2/src/helpers/utils/mod.ts": "8ff689b43f9213f1b1f48f2fb97d6efb4e5de922ea2ff92c36070c0846a6c200",
    "https://deno.land/x/pipelight@v0.3.2/src/helpers/utils/novops/mod.ts": "a1aefb3b7afa3fdb50e52809ccb248b7432f988e7777485d63ef9b01699e8546",
    "https://deno.land/x/pipelight@v0.3.2/src/helpers/utils/ssh/mod.ts": "ce6a20fb905027fa62c8e6f07620e94f3d3ea9bb49e9ab328c83e2890af673a2",
    "https://deno.land/x/pipelight@v0.3.2/src/templates/mod.ts": "3d9dfde27f3209ba193b1f81e25a8b0229b79be0e342a3ce606259695618c248"
  },
  "workspace": {
    "packageJson": {
      "dependencies": [
        "npm:@heroicons/vue@^2.2.0",
        "npm:@typescript-eslint/eslint-plugin@^8.17.0",
        "npm:@typescript-eslint/parser@^8.17.0",
        "npm:@vue/theme@^2.3.0",
        "npm:@vueuse/core@12",
        "npm:autoprefixer@^10.4.20",
        "npm:date-fns@^4.1.0",
        "npm:eslint-config-prettier@^9.1.0",
        "npm:eslint-plugin-prettier@^5.2.1",
        "npm:eslint-plugin-pug@^1.2.5",
        "npm:eslint-plugin-vue@^9.32.0",
        "npm:eslint@^9.16.0",
        "npm:markdown-it@^14.1.0",
        "npm:moment@^2.30.1",
        "npm:pipelight@0.2.8",
        "npm:postcss-import@^16.1.0",
        "npm:postcss-nesting@^13.0.1",
        "npm:postcss@^8.4.49",
        "npm:pug-plain-loader@^1.1.0",
        "npm:pug@^3.0.3",
        "npm:serve@^14.2.4",
        "npm:tailwindcss@^3.4.16",
        "npm:vite-plugin-markdown@^2.2.0",
        "npm:vitepress-export-pdf@1",
        "npm:vitepress@1.5.0",
        "npm:vue@^3.5.13"
      ]
    }
  }
}
